{
  "lockfileVersion": 1,
  "workspaces": {
    "": {
      "name": "@kisaragi-hiu/cached-fetch",
      "devDependencies": {
        "@typescript/native-preview": "^7.0.0-dev.20250822.1",
      },
    },
  },
  "packages": {
    "@typescript/native-preview": ["@typescript/native-preview@7.0.0-dev.20251102.1", "", { "optionalDependencies": { "@typescript/native-preview-darwin-arm64": "7.0.0-dev.20251102.1", "@typescript/native-preview-darwin-x64": "7.0.0-dev.20251102.1", "@typescript/native-preview-linux-arm": "7.0.0-dev.20251102.1", "@typescript/native-preview-linux-arm64": "7.0.0-dev.20251102.1", "@typescript/native-preview-linux-x64": "7.0.0-dev.20251102.1", "@typescript/native-preview-win32-arm64": "7.0.0-dev.20251102.1", "@typescript/native-preview-win32-x64": "7.0.0-dev.20251102.1" }, "bin": { "tsgo": "bin/tsgo.js" } }, "sha512-PwWO+XO8yFZaDYiOW/lXYLDqeCaSkm+Ku/yvnGB19sdZ62514JeCtC3xSChVH8Cr1FLGgdSpsnn1ACp3Y48FqA=="],

    "@typescript/native-preview-darwin-arm64": ["@typescript/native-preview-darwin-arm64@7.0.0-dev.20251102.1", "", { "os": "darwin", "cpu": "arm64" }, "sha512-AO2U9EWVO766Y9HTd3emULxpfe2QDdHjResXGQfNlgyFKUdfcKWZowBQllHOAT6J7Ll4qYcIt1Sw9wtQq+n2mQ=="],

    "@typescript/native-preview-darwin-x64": ["@typescript/native-preview-darwin-x64@7.0.0-dev.20251102.1", "", { "os": "darwin", "cpu": "x64" }, "sha512-8DACSF3+1Kq022ofqEdFXUj5A/OJdQI3845tOfdeJHZFJTxiD0X4Q0wcZlDgLubuNJCN8lPO2RGjmWpbmIqxZg=="],

    "@typescript/native-preview-linux-arm": ["@typescript/native-preview-linux-arm@7.0.0-dev.20251102.1", "", { "os": "linux", "cpu": "arm" }, "sha512-bzOrxNpvI4mJEyR56A2XAqvImtwhR0v52HCDHxGDar6WXfyjDoISw9SD9mPNWUNbqBuU7i6Z2jKMwXt+33Mozw=="],

    "@typescript/native-preview-linux-arm64": ["@typescript/native-preview-linux-arm64@7.0.0-dev.20251102.1", "", { "os": "linux", "cpu": "arm64" }, "sha512-99b3L81QnTGEqU4KrV2/siiK8vK1swo8P+MEprn2CoO9Y5PHAf5pbOCAXp5Wq2e0lyKWl0NGW/cqvWk7FBndfQ=="],

    "@typescript/native-preview-linux-x64": ["@typescript/native-preview-linux-x64@7.0.0-dev.20251102.1", "", { "os": "linux", "cpu": "x64" }, "sha512-1yz7uhuEFeoG9r2w5CZqFSvFmqr0ptzv/ZpOxFMu+95YxDvk1NVKUkZXEneOWa+mK/7GymrwbB41bVdl8HtaEw=="],

    "@typescript/native-preview-win32-arm64": ["@typescript/native-preview-win32-arm64@7.0.0-dev.20251102.1", "", { "os": "win32", "cpu": "arm64" }, "sha512-U0ay+amC8ZmmnNEitccixJfLKra8MaKgbGdNQBSZP1jelGCgNgCLl5DEpla5ElVxTcfcVYkAVWpjjiGaaNuZTQ=="],

    "@typescript/native-preview-win32-x64": ["@typescript/native-preview-win32-x64@7.0.0-dev.20251102.1", "", { "os": "win32", "cpu": "x64" }, "sha512-4Y4K70O7w34P81o/SD0tcpC2daVJcXCn3t/efjq64BMO9XTyEXLpiVVJ+BGGQTFmvgkGYGR6vHbCZTm2WizcVg=="],
  }
}
