{
  "lockfileVersion": 1,
  "workspaces": {
    "": {
      "name": "@kisaragi-hiu/cached-fetch",
      "devDependencies": {
        "@typescript/native-preview": "^7.0.0-dev.20250822.1",
      },
    },
  },
  "packages": {
    "@typescript/native-preview": ["@typescript/native-preview@7.0.0-dev.20250822.1", "", { "optionalDependencies": { "@typescript/native-preview-darwin-arm64": "7.0.0-dev.20250822.1", "@typescript/native-preview-darwin-x64": "7.0.0-dev.20250822.1", "@typescript/native-preview-linux-arm": "7.0.0-dev.20250822.1", "@typescript/native-preview-linux-arm64": "7.0.0-dev.20250822.1", "@typescript/native-preview-linux-x64": "7.0.0-dev.20250822.1", "@typescript/native-preview-win32-arm64": "7.0.0-dev.20250822.1", "@typescript/native-preview-win32-x64": "7.0.0-dev.20250822.1" }, "bin": { "tsgo": "bin/tsgo.js" } }, "sha512-4PJqQCnAlZj3LChMcdN7HTBeYckZVPnSdVP8lKKEBalYgGjh6O2wvjYLTwCoSHMKhHiKpKJPz/PtQA31g2W+nQ=="],

    "@typescript/native-preview-darwin-arm64": ["@typescript/native-preview-darwin-arm64@7.0.0-dev.20250822.1", "", { "os": "darwin", "cpu": "arm64" }, "sha512-YPx/cOs251PSF5WQhHtr0e525CrIxJLv5ymNrMXgzHzLkqHzF9oYRwa+CDejvjFgnoAV04MQqHjm3z2cu2CH1Q=="],

    "@typescript/native-preview-darwin-x64": ["@typescript/native-preview-darwin-x64@7.0.0-dev.20250822.1", "", { "os": "darwin", "cpu": "x64" }, "sha512-oBAvAunAgkPYKKAO8Kl1mKBJnian4TI1Hra6f3UpAiWQ3LITDEmhl6qi1v2nclc222cPsUEdZchl78hqpxmNTw=="],

    "@typescript/native-preview-linux-arm": ["@typescript/native-preview-linux-arm@7.0.0-dev.20250822.1", "", { "os": "linux", "cpu": "arm" }, "sha512-Ghj2m659/d1pA42VbWJpwI7DXUNXvJBOCsPWdVjvSkqcz3/Gnvlm8QLgDUboZ/XNp3jH0eT5/8K9IIb40/rJsQ=="],

    "@typescript/native-preview-linux-arm64": ["@typescript/native-preview-linux-arm64@7.0.0-dev.20250822.1", "", { "os": "linux", "cpu": "arm64" }, "sha512-L2/+rZBb+vK6Pk1NI9IaPU1DIjULskiBFiym9cmithvyFDXT8/4f4MzwWS4NA6LnuBXYSmWS/360vP7/0VhGgg=="],

    "@typescript/native-preview-linux-x64": ["@typescript/native-preview-linux-x64@7.0.0-dev.20250822.1", "", { "os": "linux", "cpu": "x64" }, "sha512-Yrr0QA498vknjYvEhuOOvjtT1xrTyPIgwr9V9OG60r/7qUkm9z2wqwIZGeyoXXLhqw1+U5y68bfjjlAukAq6JA=="],

    "@typescript/native-preview-win32-arm64": ["@typescript/native-preview-win32-arm64@7.0.0-dev.20250822.1", "", { "os": "win32", "cpu": "arm64" }, "sha512-eoeU9Vk3NCEnD6VeN03Bl5g1ZvDImLk7xkkYH7jFdkNdam/+vpn8EDyOeduvmBjFtqGqObNUcf3XD9fnHhrzyg=="],

    "@typescript/native-preview-win32-x64": ["@typescript/native-preview-win32-x64@7.0.0-dev.20250822.1", "", { "os": "win32", "cpu": "x64" }, "sha512-Rs2tW1FkiownVDql/V+BJKrwabbsH7K9yFsDzU9Grpaac8z4uwuDaalBdfL9kbhS975Fj3E0dbIs/mK4afEM9g=="],
  }
}
