{
  "version": "5",
  "specifiers": {
    "jsr:@std/assert@*": "1.0.15",
    "jsr:@std/internal@^1.0.12": "1.0.12",
    "npm:@types/node@*": "24.2.0",
    "npm:@typescript/native-preview@^7.0.0-dev.20250822.1": "7.0.0-dev.20250822.1",
    "npm:zx@*": "8.8.5"
  },
  "jsr": {
    "@std/assert@1.0.15": {
      "integrity": "d64018e951dbdfab9777335ecdb000c0b4e3df036984083be219ce5941e4703b",
      "dependencies": [
        "jsr:@std/internal"
      ]
    },
    "@std/internal@1.0.12": {
      "integrity": "972a634fd5bc34b242024402972cd5143eac68d8dffaca5eaa4dba30ce17b027"
    }
  },
  "npm": {
    "@types/node@24.2.0": {
      "integrity": "sha512-3xyG3pMCq3oYCNg7/ZP+E1ooTaGB4cG8JWRsqqOYQdbWNY4zbaV0Ennrd7stjiJEFZCaybcIgpTjJWHRfBSIDw==",
      "dependencies": [
        "undici-types"
      ]
    },
    "@typescript/native-preview-darwin-arm64@7.0.0-dev.20250822.1": {
      "integrity": "sha512-YPx/cOs251PSF5WQhHtr0e525CrIxJLv5ymNrMXgzHzLkqHzF9oYRwa+CDejvjFgnoAV04MQqHjm3z2cu2CH1Q==",
      "os": ["darwin"],
      "cpu": ["arm64"]
    },
    "@typescript/native-preview-darwin-x64@7.0.0-dev.20250822.1": {
      "integrity": "sha512-oBAvAunAgkPYKKAO8Kl1mKBJnian4TI1Hra6f3UpAiWQ3LITDEmhl6qi1v2nclc222cPsUEdZchl78hqpxmNTw==",
      "os": ["darwin"],
      "cpu": ["x64"]
    },
    "@typescript/native-preview-linux-arm64@7.0.0-dev.20250822.1": {
      "integrity": "sha512-L2/+rZBb+vK6Pk1NI9IaPU1DIjULskiBFiym9cmithvyFDXT8/4f4MzwWS4NA6LnuBXYSmWS/360vP7/0VhGgg==",
      "os": ["linux"],
      "cpu": ["arm64"]
    },
    "@typescript/native-preview-linux-arm@7.0.0-dev.20250822.1": {
      "integrity": "sha512-Ghj2m659/d1pA42VbWJpwI7DXUNXvJBOCsPWdVjvSkqcz3/Gnvlm8QLgDUboZ/XNp3jH0eT5/8K9IIb40/rJsQ==",
      "os": ["linux"],
      "cpu": ["arm"]
    },
    "@typescript/native-preview-linux-x64@7.0.0-dev.20250822.1": {
      "integrity": "sha512-Yrr0QA498vknjYvEhuOOvjtT1xrTyPIgwr9V9OG60r/7qUkm9z2wqwIZGeyoXXLhqw1+U5y68bfjjlAukAq6JA==",
      "os": ["linux"],
      "cpu": ["x64"]
    },
    "@typescript/native-preview-win32-arm64@7.0.0-dev.20250822.1": {
      "integrity": "sha512-eoeU9Vk3NCEnD6VeN03Bl5g1ZvDImLk7xkkYH7jFdkNdam/+vpn8EDyOeduvmBjFtqGqObNUcf3XD9fnHhrzyg==",
      "os": ["win32"],
      "cpu": ["arm64"]
    },
    "@typescript/native-preview-win32-x64@7.0.0-dev.20250822.1": {
      "integrity": "sha512-Rs2tW1FkiownVDql/V+BJKrwabbsH7K9yFsDzU9Grpaac8z4uwuDaalBdfL9kbhS975Fj3E0dbIs/mK4afEM9g==",
      "os": ["win32"],
      "cpu": ["x64"]
    },
    "@typescript/native-preview@7.0.0-dev.20250822.1": {
      "integrity": "sha512-4PJqQCnAlZj3LChMcdN7HTBeYckZVPnSdVP8lKKEBalYgGjh6O2wvjYLTwCoSHMKhHiKpKJPz/PtQA31g2W+nQ==",
      "optionalDependencies": [
        "@typescript/native-preview-darwin-arm64",
        "@typescript/native-preview-darwin-x64",
        "@typescript/native-preview-linux-arm",
        "@typescript/native-preview-linux-arm64",
        "@typescript/native-preview-linux-x64",
        "@typescript/native-preview-win32-arm64",
        "@typescript/native-preview-win32-x64"
      ],
      "bin": true
    },
    "undici-types@7.10.0": {
      "integrity": "sha512-t5Fy/nfn+14LuOc2KNYg75vZqClpAiqscVvMygNnlsHBFpSXdJaYtXMcdNLpl/Qvc3P2cB3s6lOV51nqsFq4ag=="
    },
    "zx@8.8.5": {
      "integrity": "sha512-SNgDF5L0gfN7FwVOdEFguY3orU5AkfFZm9B5YSHog/UDHv+lvmd82ZAsOenOkQixigwH2+yyH198AwNdKhj+RA==",
      "bin": true
    }
  },
  "workspace": {
    "packageJson": {
      "dependencies": [
        "npm:@typescript/native-preview@^7.0.0-dev.20250822.1"
      ]
    }
  }
}
